
Microsoft Visual Studio Solution File, Format Version 12.00
# Visual Studio Version 17
VisualStudioVersion = 17.7.34202.233
MinimumVisualStudioVersion = 10.0.40219.1
Project("{FAE04EC0-301F-11D3-BF4B-00C04F79EFBC}") = "ProcessBarGUI", "ProcessBarGUI\ProcessBarGUI.csproj", "{3EFBEE4E-2FB5-4204-BFCE-F1747A4887DF}"
EndProject
Global
	GlobalSection(SolutionConfigurationPlatforms) = preSolution
		Debug|Any CPU = Debug|Any CPU
		Release|Any CPU = Release|Any CPU
	EndGlobalSection
	GlobalSection(ProjectConfigurationPlatforms) = postSolution
		{3EFBEE4E-2FB5-4204-BFCE-F1747A4887DF}.Debug|Any CPU.ActiveCfg = Debug|Any CPU
		{3EFBEE4E-2FB5-4204-BFCE-F1747A4887DF}.Debug|Any CPU.Build.0 = Debug|Any CPU
		{3EFBEE4E-2FB5-4204-BFCE-F1747A4887DF}.Release|Any CPU.ActiveCfg = Release|Any CPU
		{3EFBEE4E-2FB5-4204-BFCE-F1747A4887DF}.Release|Any CPU.Build.0 = Release|Any CPU
	EndGlobalSection
	GlobalSection(SolutionProperties) = preSolution
		HideSolutionNode = FALSE
	EndGlobalSection
	GlobalSection(ExtensibilityGlobals) = postSolution
		SolutionGuid = {27574272-A82A-45B6-95C8-36FCF2AF39D7}
	EndGlobalSection
EndGlobal
