
Microsoft Visual Studio Solution File, Format Version 12.00
# Visual Studio Version 17
VisualStudioVersion = 17.9.34622.214
MinimumVisualStudioVersion = 10.0.40219.1
Project("{9A19103F-16F7-4668-BE54-9A1E7A4F7556}") = "UnitTestDemo", "UnitTestDemo\UnitTestDemo.csproj", "{87AFEFBF-10A6-410A-A2D0-C58CED18F470}"
EndProject
Project("{FAE04EC0-301F-11D3-BF4B-00C04F79EFBC}") = "UnitTestDemo.Test", "UnitTestDemo.Test\UnitTestDemo.Test.csproj", "{CA9FA222-A777-47AC-AB5F-21FBB43835B3}"
EndProject
Global
	GlobalSection(SolutionConfigurationPlatforms) = preSolution
		Debug|Any CPU = Debug|Any CPU
		Release|Any CPU = Release|Any CPU
	EndGlobalSection
	GlobalSection(ProjectConfigurationPlatforms) = postSolution
		{87AFEFBF-10A6-410A-A2D0-C58CED18F470}.Debug|Any CPU.ActiveCfg = Debug|Any CPU
		{87AFEFBF-10A6-410A-A2D0-C58CED18F470}.Debug|Any CPU.Build.0 = Debug|Any CPU
		{87AFEFBF-10A6-410A-A2D0-C58CED18F470}.Release|Any CPU.ActiveCfg = Release|Any CPU
		{87AFEFBF-10A6-410A-A2D0-C58CED18F470}.Release|Any CPU.Build.0 = Release|Any CPU
		{CA9FA222-A777-47AC-AB5F-21FBB43835B3}.Debug|Any CPU.ActiveCfg = Debug|Any CPU
		{CA9FA222-A777-47AC-AB5F-21FBB43835B3}.Debug|Any CPU.Build.0 = Debug|Any CPU
		{CA9FA222-A777-47AC-AB5F-21FBB43835B3}.Release|Any CPU.ActiveCfg = Release|Any CPU
		{CA9FA222-A777-47AC-AB5F-21FBB43835B3}.Release|Any CPU.Build.0 = Release|Any CPU
	EndGlobalSection
	GlobalSection(SolutionProperties) = preSolution
		HideSolutionNode = FALSE
	EndGlobalSection
	GlobalSection(ExtensibilityGlobals) = postSolution
		SolutionGuid = {05225726-1925-46CD-A1ED-9785819F4A31}
	EndGlobalSection
EndGlobal
