
Microsoft Visual Studio Solution File, Format Version 12.00
# Visual Studio Version 17
VisualStudioVersion = 17.7.34202.233
MinimumVisualStudioVersion = 10.0.40219.1
Project("{FAE04EC0-301F-11D3-BF4B-00C04F79EFBC}") = "WindowsFormsApp1", "WindowsFormsApp1\WindowsFormsApp1.csproj", "{7B5A2193-9B23-421B-9786-0559A8EDD873}"
EndProject
Global
	GlobalSection(SolutionConfigurationPlatforms) = preSolution
		Debug|Any CPU = Debug|Any CPU
		Release|Any CPU = Release|Any CPU
	EndGlobalSection
	GlobalSection(ProjectConfigurationPlatforms) = postSolution
		{7B5A2193-9B23-421B-9786-0559A8EDD873}.Debug|Any CPU.ActiveCfg = Debug|Any CPU
		{7B5A2193-9B23-421B-9786-0559A8EDD873}.Debug|Any CPU.Build.0 = Debug|Any CPU
		{7B5A2193-9B23-421B-9786-0559A8EDD873}.Release|Any CPU.ActiveCfg = Release|Any CPU
		{7B5A2193-9B23-421B-9786-0559A8EDD873}.Release|Any CPU.Build.0 = Release|Any CPU
	EndGlobalSection
	GlobalSection(SolutionProperties) = preSolution
		HideSolutionNode = FALSE
	EndGlobalSection
	GlobalSection(ExtensibilityGlobals) = postSolution
		SolutionGuid = {CE9494CC-7827-4D21-B3C5-D0F5356E9B35}
	EndGlobalSection
EndGlobal
